
Microsoft Visual Studio Solution File, Format Version 12.00
# Visual Studio Version 17
VisualStudioVersion = 17.14.37614.0 d17.14
MinimumVisualStudioVersion = 10.0.40219.1
Project("{FAE04EC0-301F-11D3-BF4B-00C04F79EFBC}") = "DeadEffect", "DeadEffect\DeadEffect.csproj", "{F3E5C741-EA32-49A6-95AF-B0975DC43F67}"
EndProject
Global
	GlobalSection(SolutionConfigurationPlatforms) = preSolution
		Debug|Any CPU = Debug|Any CPU
		Release|Any CPU = Release|Any CPU
	EndGlobalSection
	GlobalSection(ProjectConfigurationPlatforms) = postSolution
		{F3E5C741-EA32-49A6-95AF-B0975DC43F67}.Debug|Any CPU.ActiveCfg = Debug|Any CPU
		{F3E5C741-EA32-49A6-95AF-B0975DC43F67}.Debug|Any CPU.Build.0 = Debug|Any CPU
		{F3E5C741-EA32-49A6-95AF-B0975DC43F67}.Release|Any CPU.ActiveCfg = Release|Any CPU
		{F3E5C741-EA32-49A6-95AF-B0975DC43F67}.Release|Any CPU.Build.0 = Release|Any CPU
	EndGlobalSection
	GlobalSection(SolutionProperties) = preSolution
		HideSolutionNode = FALSE
	EndGlobalSection
	GlobalSection(ExtensibilityGlobals) = postSolution
		SolutionGuid = {9E9D7684-E87B-4932-A275-CB5E918FA795}
	EndGlobalSection
EndGlobal
