
Microsoft Visual Studio Solution File, Format Version 12.00
# Visual Studio Version 17
VisualStudioVersion = 17.14.36301.6 d17.14
MinimumVisualStudioVersion = 10.0.40219.1
Project("{FAE04EC0-301F-11D3-BF4B-00C04F79EFBC}") = "test1", "test1\test1.csproj", "{7402F9F6-18DE-4AA3-A790-9198E220A0FF}"
EndProject
Global
	GlobalSection(SolutionConfigurationPlatforms) = preSolution
		Debug|Any CPU = Debug|Any CPU
		Release|Any CPU = Release|Any CPU
	EndGlobalSection
	GlobalSection(ProjectConfigurationPlatforms) = postSolution
		{7402F9F6-18DE-4AA3-A790-9198E220A0FF}.Debug|Any CPU.ActiveCfg = Debug|Any CPU
		{7402F9F6-18DE-4AA3-A790-9198E220A0FF}.Debug|Any CPU.Build.0 = Debug|Any CPU
		{7402F9F6-18DE-4AA3-A790-9198E220A0FF}.Release|Any CPU.ActiveCfg = Release|Any CPU
		{7402F9F6-18DE-4AA3-A790-9198E220A0FF}.Release|Any CPU.Build.0 = Release|Any CPU
	EndGlobalSection
	GlobalSection(SolutionProperties) = preSolution
		HideSolutionNode = FALSE
	EndGlobalSection
	GlobalSection(ExtensibilityGlobals) = postSolution
		SolutionGuid = {042C65CF-82CA-4674-ABBD-201E8FA50A37}
	EndGlobalSection
EndGlobal
